
Microsoft Visual Studio Solution File, Format Version 12.00
Project("{2150E333-8FDC-42A3-9474-1A3956D46DE8}") = "Solution", "Solution", "{130B2663-B507-420D-B095-0CE1939C3E00}"
	ProjectSection(SolutionItems) = preProject
		..\LICENSE = ..\LICENSE
		..\README.md = ..\README.md
		..\.gitignore = ..\.gitignore
	EndProjectSection
EndProject
Project("{FAE04EC0-301F-11D3-BF4B-00C04F79EFBC}") = "MonacoTestApp", "MonacoTestApp\MonacoTestApp.csproj", "{488D5F14-CF59-4AC8-82FB-5202F9B76D71}"
EndProject
Project("{FAE04EC0-301F-11D3-BF4B-00C04F79EFBC}") = "Monaco", "Monaco\Monaco.csproj", "{8FCF7A5C-4D37-43F0-977E-E6B94111F0B0}"
EndProject
Global
	GlobalSection(SolutionConfigurationPlatforms) = preSolution
		Debug|Any CPU = Debug|Any CPU
		Release|Any CPU = Release|Any CPU
	EndGlobalSection
	GlobalSection(ProjectConfigurationPlatforms) = postSolution
		{488D5F14-CF59-4AC8-82FB-5202F9B76D71}.Debug|Any CPU.ActiveCfg = Debug|Any CPU
		{488D5F14-CF59-4AC8-82FB-5202F9B76D71}.Debug|Any CPU.Build.0 = Debug|Any CPU
		{488D5F14-CF59-4AC8-82FB-5202F9B76D71}.Release|Any CPU.ActiveCfg = Release|Any CPU
		{488D5F14-CF59-4AC8-82FB-5202F9B76D71}.Release|Any CPU.Build.0 = Release|Any CPU
		{8FCF7A5C-4D37-43F0-977E-E6B94111F0B0}.Debug|Any CPU.ActiveCfg = Debug|Any CPU
		{8FCF7A5C-4D37-43F0-977E-E6B94111F0B0}.Debug|Any CPU.Build.0 = Debug|Any CPU
		{8FCF7A5C-4D37-43F0-977E-E6B94111F0B0}.Release|Any CPU.ActiveCfg = Release|Any CPU
		{8FCF7A5C-4D37-43F0-977E-E6B94111F0B0}.Release|Any CPU.Build.0 = Release|Any CPU
	EndGlobalSection
EndGlobal
